{
  "version": 4,
  "terraform_version": "1.7.5",
  "serial": 6,
  "lineage": "384ff844-8c3e-8c2a-0155-d8dd3736dec6",
  "outputs": {},
  "resources": [
    {
      "mode": "managed",
      "type": "google_container_cluster",
      "name": "primary",
      "provider": "provider[\"registry.terraform.io/hashicorp/google\"]",
      "instances": [
        {
          "schema_version": 2,
          "attributes": {
            "addons_config": [
              {
                "cloudrun_config": [],
                "config_connector_config": [],
                "dns_cache_config": [],
                "gce_persistent_disk_csi_driver_config": [
                  {
                    "enabled": true
                  }
                ],
                "gcp_filestore_csi_driver_config": [],
                "gcs_fuse_csi_driver_config": [],
                "gke_backup_agent_config": [],
                "horizontal_pod_autoscaling": [],
                "http_load_balancing": [],
                "network_policy_config": [
                  {
                    "disabled": true
                  }
                ]
              }
            ],
            "allow_net_admin": null,
            "authenticator_groups_config": [],
            "binary_authorization": [
              {
                "enabled": false,
                "evaluation_mode": ""
              }
            ],
            "cluster_autoscaling": [
              {
                "auto_provisioning_defaults": [],
                "autoscaling_profile": "BALANCED",
                "enabled": false,
                "resource_limits": []
              }
            ],
            "cluster_ipv4_cidr": "10.28.0.0/14",
            "confidential_nodes": [],
            "cost_management_config": [],
            "database_encryption": [
              {
                "key_name": "",
                "state": "DECRYPTED"
              }
            ],
            "datapath_provider": "",
            "default_max_pods_per_node": 110,
            "default_snat_status": [
              {
                "disabled": false
              }
            ],
            "deletion_protection": true,
            "description": "",
            "dns_config": [],
            "enable_autopilot": false,
            "enable_intranode_visibility": false,
            "enable_k8s_beta_apis": [],
            "enable_kubernetes_alpha": false,
            "enable_l4_ilb_subsetting": false,
            "enable_legacy_abac": false,
            "enable_shielded_nodes": true,
            "enable_tpu": false,
            "endpoint": "35.192.85.240",
            "fleet": [],
            "gateway_api_config": [],
            "id": "projects/learndevops-418907/locations/us-central1/clusters/my-gke-cluster",
            "identity_service_config": [],
            "initial_node_count": 1,
            "ip_allocation_policy": [
              {
                "additional_pod_ranges_config": [],
                "cluster_ipv4_cidr_block": "10.28.0.0/14",
                "cluster_secondary_range_name": "gke-my-gke-cluster-pods-2bd45676",
                "pod_cidr_overprovision_config": [
                  {
                    "disabled": false
                  }
                ],
                "services_ipv4_cidr_block": "10.124.224.0/20",
                "services_secondary_range_name": "gke-my-gke-cluster-services-2bd45676",
                "stack_type": "IPV4"
              }
            ],
            "label_fingerprint": "a9dc16a7",
            "location": "us-central1",
            "logging_config": [
              {
                "enable_components": [
                  "SYSTEM_COMPONENTS",
                  "WORKLOADS"
                ]
              }
            ],
            "logging_service": "logging.googleapis.com/kubernetes",
            "maintenance_policy": [],
            "master_auth": [
              {
                "client_certificate": "",
                "client_certificate_config": [
                  {
                    "issue_client_certificate": false
                  }
                ],
                "client_key": "",
                "cluster_ca_certificate": "LS0tLS1CRUdJTiBDRVJUSUZJQ0FURS0tLS0tCk1JSUVMRENDQXBTZ0F3SUJBZ0lRYXZDTTEwSVVWOXUzcEszVUlsWWFyekFOQmdrcWhraUc5dzBCQVFzRkFEQXYKTVMwd0t3WURWUVFERXlSa05UTm1PR1F6WlMweE1qRTRMVFJsWmpNdE9UTm1aUzA0TURoa05HTmtabVF6TWpNdwpJQmNOTWpRd016TXhNRGN3TlRVMldoZ1BNakExTkRBek1qUXdPREExTlRaYU1DOHhMVEFyQmdOVkJBTVRKR1ExCk0yWTRaRE5sTFRFeU1UZ3ROR1ZtTXkwNU0yWmxMVGd3T0dRMFkyUm1aRE15TXpDQ0FhSXdEUVlKS29aSWh2Y04KQVFFQkJRQURnZ0dQQURDQ0FZb0NnZ0dCQUt1ZmowTC9zMWlvOFFYdjMrQU10LzI2VzFzSjFHeVZMQnh6bTNMMQpzS1NUSjhYWUZKaXZoaCtyTndmWlN5L3o0WXk5ay8zV2tLZFllWllVeFBuUEpFc2xadGJEZkVmU1QvSHVmSi8yCmVkdnZxQmt4WjNmUmtkYUN2ZEdOM3BTdWFCcllKcDFzcDg0MSs3aGF3NGFVTHVKVS9xYU4yTWM4NUZVdXo3L3cKM3IyaFBWWHZIcHNCOUp4b0FhVGhLNVRIYTdwVlB2U3dqa3RiOUhMYVdZNDlTTDBWcVdXa0ZqSWxkMTBEbVRvTQpVbGV2dExCaERGbzJQRFZ4T1Z3c292VlVNSXFZTjZYdWVSZ1VTSkdYTkc0dS94T0VwdWdqS2FSVVEyTENSaG9GCm16TW80TFhCVDFTVzdpVUNuVXFtZTNva1BKZFN5ZVhzVjJsMHVhTVF2WHEwc1B5L2RkVFBNemt5T2pNZFJueTEKZkprUUhkR1FKY0hjU1Q4bDcxR3VMU0tHOWJkTml4d0EvbWNDY2VxQW9Rd1dUUGJ2MXNncTNReTdvdmpIeUxKdwpMQUQ3YUFYNTRXTWxuS0p3SlpkOGxJaEFrRXZGMFg5Y3lTbjRYWDYwV0NySEhZQjBqYUlZSDBrMXRIYlRYQ0YvCjJrTTB6Y0c0OCs0bi8yUVAwWFZRN2J3Mnh3SURBUUFCbzBJd1FEQU9CZ05WSFE4QkFmOEVCQU1DQWdRd0R3WUQKVlIwVEFRSC9CQVV3QXdFQi96QWRCZ05WSFE0RUZnUVVEZFdQbThLb2RrSXBqcnFPTDQ0S3hQRWN0NkV3RFFZSgpLb1pJaHZjTkFRRUxCUUFEZ2dHQkFKZ3R6T1ZtU2xEQjB3YnZnWHZsM2laZ000dnFoRWxEQWdnanRSKytEb2VvCmVmR1pJODJwc25BZU1XdmtFWGNSS2NCNHM3alhVVFJBY05xYzEwYWxjUW9OTG5ZK1NtYjY3MFNsTTc4K1dzcEMKZnFCZlJndTB2S0o5VEV1QXlMQ3RBa3FUZUtheGtOaUVFdUhvUy9FVS8rMk5zUzRlUE43ZHNYMDQ0bXlyOTlIWgpWZHc1YWJRbjRFYnErRTI2cE5aLy9admFCM2FoWXIrNzdhTUNoaGl3b0Q5VTRqSWphL2dpUGRrdERsRlF0S3dBCjBhUjBtbFZGeDJPVXEzeFl6SWoralZ2QlRHcmw5dDR2eHhrT05wWFJqNnZ0WEwwZ1pGSW9MdmJlb01pNWdkbU8KdlV3eUlwRUIrZE5iMmlSOU1ZeXNaUHd1Y2duYjU3VkFGbFFHRWxyekhUYlZkTjRjdnROcE1lRUticGdoSjhnSApzbERZdTZmM1FGZWt5dHF4YUlxajVZWUJMUTJhMmk4MStXQTRvN2pIY1VPblFhWmFMYkV4WGF6Rm80eVhROEJuCnNSSFNpbng2WHliNDRxYzJ3cDRiNUREdEJUb1VmaEo4Z0lHdUFjeWJPVWxDb0FaOHlTOGFiQ0I5VE4xcFA0VEIKa1FpZGtkYlEvaXUzb3lkV1R1NnZOdz09Ci0tLS0tRU5EIENFUlRJRklDQVRFLS0tLS0K"
              }
            ],
            "master_authorized_networks_config": [],
            "master_version": "1.27.8-gke.1067004",
            "mesh_certificates": [],
            "min_master_version": null,
            "monitoring_config": [
              {
                "advanced_datapath_observability_config": [
                  {
                    "enable_metrics": false,
                    "enable_relay": false,
                    "relay_mode": "DISABLED"
                  }
                ],
                "enable_components": [
                  "SYSTEM_COMPONENTS"
                ],
                "managed_prometheus": [
                  {
                    "enabled": true
                  }
                ]
              }
            ],
            "monitoring_service": "monitoring.googleapis.com/kubernetes",
            "name": "my-gke-cluster",
            "network": "projects/learndevops-418907/global/networks/default",
            "network_policy": [
              {
                "enabled": false,
                "provider": "PROVIDER_UNSPECIFIED"
              }
            ],
            "networking_mode": "VPC_NATIVE",
            "node_config": [],
            "node_locations": [
              "us-central1-a",
              "us-central1-b",
              "us-central1-f"
            ],
            "node_pool": [],
            "node_pool_auto_config": [],
            "node_pool_defaults": [
              {
                "node_config_defaults": [
                  {
                    "logging_variant": "DEFAULT"
                  }
                ]
              }
            ],
            "node_version": "1.27.8-gke.1067004",
            "notification_config": [
              {
                "pubsub": [
                  {
                    "enabled": false,
                    "filter": [],
                    "topic": ""
                  }
                ]
              }
            ],
            "operation": null,
            "private_cluster_config": [
              {
                "enable_private_endpoint": false,
                "enable_private_nodes": false,
                "master_global_access_config": [
                  {
                    "enabled": false
                  }
                ],
                "master_ipv4_cidr_block": "",
                "peering_name": "",
                "private_endpoint": "10.128.0.2",
                "private_endpoint_subnetwork": "",
                "public_endpoint": "35.192.85.240"
              }
            ],
            "private_ipv6_google_access": "",
            "project": "learndevops-418907",
            "release_channel": [
              {
                "channel": "REGULAR"
              }
            ],
            "remove_default_node_pool": true,
            "resource_labels": {},
            "resource_usage_export_config": [],
            "security_posture_config": [
              {
                "mode": "BASIC",
                "vulnerability_mode": "VULNERABILITY_MODE_UNSPECIFIED"
              }
            ],
            "self_link": "https://container.googleapis.com/v1/projects/learndevops-418907/locations/us-central1/clusters/my-gke-cluster",
            "service_external_ips_config": [
              {
                "enabled": false
              }
            ],
            "services_ipv4_cidr": "10.124.224.0/20",
            "subnetwork": "projects/learndevops-418907/regions/us-central1/subnetworks/default",
            "timeouts": null,
            "tpu_ipv4_cidr_block": "",
            "vertical_pod_autoscaling": [],
            "workload_identity_config": []
          },
          "sensitive_attributes": [],
          "private": "eyJlMmJmYjczMC1lY2FhLTExZTYtOGY4OC0zNDM2M2JjN2M0YzAiOnsiY3JlYXRlIjoyNDAwMDAwMDAwMDAwLCJkZWxldGUiOjI0MDAwMDAwMDAwMDAsInJlYWQiOjI0MDAwMDAwMDAwMDAsInVwZGF0ZSI6MzYwMDAwMDAwMDAwMH0sInNjaGVtYV92ZXJzaW9uIjoiMiJ9"
        }
      ]
    },
    {
      "mode": "managed",
      "type": "google_container_node_pool",
      "name": "primary_nodes",
      "provider": "provider[\"registry.terraform.io/hashicorp/google\"]",
      "instances": [
        {
          "schema_version": 1,
          "attributes": {
            "autoscaling": [],
            "cluster": "my-gke-cluster",
            "id": "projects/learndevops-418907/locations/us-central1/clusters/my-gke-cluster/nodePools/my-node-pool",
            "initial_node_count": 1,
            "instance_group_urls": [
              "https://www.googleapis.com/compute/v1/projects/learndevops-418907/zones/us-central1-f/instanceGroupManagers/gke-my-gke-cluster-my-node-pool-bbe2c9f3-grp",
              "https://www.googleapis.com/compute/v1/projects/learndevops-418907/zones/us-central1-b/instanceGroupManagers/gke-my-gke-cluster-my-node-pool-d314e515-grp",
              "https://www.googleapis.com/compute/v1/projects/learndevops-418907/zones/us-central1-a/instanceGroupManagers/gke-my-gke-cluster-my-node-pool-41d64310-grp"
            ],
            "location": "us-central1",
            "managed_instance_group_urls": [
              "https://www.googleapis.com/compute/v1/projects/learndevops-418907/zones/us-central1-f/instanceGroups/gke-my-gke-cluster-my-node-pool-bbe2c9f3-grp",
              "https://www.googleapis.com/compute/v1/projects/learndevops-418907/zones/us-central1-b/instanceGroups/gke-my-gke-cluster-my-node-pool-d314e515-grp",
              "https://www.googleapis.com/compute/v1/projects/learndevops-418907/zones/us-central1-a/instanceGroups/gke-my-gke-cluster-my-node-pool-41d64310-grp"
            ],
            "management": [
              {
                "auto_repair": true,
                "auto_upgrade": true
              }
            ],
            "max_pods_per_node": 110,
            "name": "my-node-pool",
            "name_prefix": "",
            "network_config": [
              {
                "create_pod_range": false,
                "enable_private_nodes": false,
                "network_performance_config": [],
                "pod_cidr_overprovision_config": [],
                "pod_ipv4_cidr_block": "10.28.0.0/14",
                "pod_range": "gke-my-gke-cluster-pods-2bd45676"
              }
            ],
            "node_config": [
              {
                "advanced_machine_features": [],
                "boot_disk_kms_key": "",
                "confidential_nodes": [],
                "disk_size_gb": 100,
                "disk_type": "pd-balanced",
                "effective_taints": [],
                "enable_confidential_storage": false,
                "ephemeral_storage_local_ssd_config": [],
                "fast_socket": [],
                "gcfs_config": [],
                "guest_accelerator": [],
                "gvnic": [],
                "host_maintenance_policy": [],
                "image_type": "COS_CONTAINERD",
                "kubelet_config": [],
                "labels": {},
                "linux_node_config": [],
                "local_nvme_ssd_block_config": [],
                "local_ssd_count": 0,
                "logging_variant": "DEFAULT",
                "machine_type": "e2-medium",
                "metadata": {
                  "disable-legacy-endpoints": "true"
                },
                "min_cpu_platform": "",
                "node_group": "",
                "oauth_scopes": [
                  "https://www.googleapis.com/auth/devstorage.read_only",
                  "https://www.googleapis.com/auth/logging.write",
                  "https://www.googleapis.com/auth/monitoring",
                  "https://www.googleapis.com/auth/service.management.readonly",
                  "https://www.googleapis.com/auth/servicecontrol",
                  "https://www.googleapis.com/auth/trace.append"
                ],
                "preemptible": false,
                "reservation_affinity": [],
                "resource_labels": null,
                "resource_manager_tags": null,
                "service_account": "default",
                "shielded_instance_config": [
                  {
                    "enable_integrity_monitoring": true,
                    "enable_secure_boot": false
                  }
                ],
                "sole_tenant_config": [],
                "spot": false,
                "tags": null,
                "taint": [],
                "workload_metadata_config": []
              }
            ],
            "node_count": 1,
            "node_locations": [
              "us-central1-a",
              "us-central1-b",
              "us-central1-f"
            ],
            "operation": null,
            "placement_policy": [],
            "project": "learndevops-418907",
            "queued_provisioning": [],
            "timeouts": null,
            "upgrade_settings": [
              {
                "blue_green_settings": [],
                "max_surge": 1,
                "max_unavailable": 0,
                "strategy": "SURGE"
              }
            ],
            "version": "1.27.8-gke.1067004"
          },
          "sensitive_attributes": [],
          "private": "eyJlMmJmYjczMC1lY2FhLTExZTYtOGY4OC0zNDM2M2JjN2M0YzAiOnsiY3JlYXRlIjoxODAwMDAwMDAwMDAwLCJkZWxldGUiOjE4MDAwMDAwMDAwMDAsInVwZGF0ZSI6MTgwMDAwMDAwMDAwMH0sInNjaGVtYV92ZXJzaW9uIjoiMSJ9",
          "dependencies": [
            "google_container_cluster.primary"
          ]
        }
      ]
    }
  ],
  "check_results": null
}
